
Microsoft Visual Studio Solution File, Format Version 12.00
# Visual Studio Version 17
VisualStudioVersion = 17.11.35327.3
MinimumVisualStudioVersion = 10.0.40219.1
Project("{FAE04EC0-301F-11D3-BF4B-00C04F79EFBC}") = "HospitalTask", "HospitalTask\HospitalTask.csproj", "{7D3611AF-A9EB-4289-896D-6841FD73C928}"
EndProject
Global
	GlobalSection(SolutionConfigurationPlatforms) = preSolution
		Debug|Any CPU = Debug|Any CPU
		Release|Any CPU = Release|Any CPU
	EndGlobalSection
	GlobalSection(ProjectConfigurationPlatforms) = postSolution
		{7D3611AF-A9EB-4289-896D-6841FD73C928}.Debug|Any CPU.ActiveCfg = Debug|Any CPU
		{7D3611AF-A9EB-4289-896D-6841FD73C928}.Debug|Any CPU.Build.0 = Debug|Any CPU
		{7D3611AF-A9EB-4289-896D-6841FD73C928}.Release|Any CPU.ActiveCfg = Release|Any CPU
		{7D3611AF-A9EB-4289-896D-6841FD73C928}.Release|Any CPU.Build.0 = Release|Any CPU
	EndGlobalSection
	GlobalSection(SolutionProperties) = preSolution
		HideSolutionNode = FALSE
	EndGlobalSection
	GlobalSection(ExtensibilityGlobals) = postSolution
		SolutionGuid = {A1057299-0FEC-4684-B7F0-B696C6064026}
	EndGlobalSection
EndGlobal
